
Microsoft Visual Studio Solution File, Format Version 12.00
# Visual Studio Version 17
VisualStudioVersion = 17.0.32014.148
MinimumVisualStudioVersion = 10.0.40219.1
Project("{FAE04EC0-301F-11D3-BF4B-00C04F79EFBC}") = "Лаболаторна_робота_3.1", "Лаболаторна_робота_3.1\Лаболаторна_робота_3.1.csproj", "{33ECC859-6974-447B-9172-60EC8F663561}"
EndProject
Global
	GlobalSection(SolutionConfigurationPlatforms) = preSolution
		Debug|Any CPU = Debug|Any CPU
		Release|Any CPU = Release|Any CPU
	EndGlobalSection
	GlobalSection(ProjectConfigurationPlatforms) = postSolution
		{33ECC859-6974-447B-9172-60EC8F663561}.Debug|Any CPU.ActiveCfg = Debug|Any CPU
		{33ECC859-6974-447B-9172-60EC8F663561}.Debug|Any CPU.Build.0 = Debug|Any CPU
		{33ECC859-6974-447B-9172-60EC8F663561}.Release|Any CPU.ActiveCfg = Release|Any CPU
		{33ECC859-6974-447B-9172-60EC8F663561}.Release|Any CPU.Build.0 = Release|Any CPU
	EndGlobalSection
	GlobalSection(SolutionProperties) = preSolution
		HideSolutionNode = FALSE
	EndGlobalSection
	GlobalSection(ExtensibilityGlobals) = postSolution
		SolutionGuid = {1B75EAB0-8630-4292-9817-70CB29D6D314}
	EndGlobalSection
EndGlobal
